
Microsoft Visual Studio Solution File, Format Version 12.00
# Visual Studio Version 17
VisualStudioVersion = 17.8.34330.188
MinimumVisualStudioVersion = 10.0.40219.1
Project("{9A19103F-16F7-4668-BE54-9A1E7A4F7556}") = "MyBGList", "MyBGList.csproj", "{B767C482-8823-4ED5-8138-896F474694F3}"
EndProject
Project("{2150E333-8FDC-42A3-9474-1A3956D46DE8}") = "Solution Items", "Solution Items", "{BB938E38-0157-4C24-B517-60B834AA9784}"
	ProjectSection(SolutionItems) = preProject
		5Exercise.txt = 5Exercise.txt
		APIVersioningTechniques.txt = APIVersioningTechniques.txt
		ConnectionString.txt = ConnectionString.txt
		cors.txt = cors.txt
		dotnet.txt = dotnet.txt
		Exercise.txt = Exercise.txt
		ExercisesChapter4.txt = ExercisesChapter4.txt
		responseCache.txt = responseCache.txt
		TextFile1.txt = TextFile1.txt
		uniformInterface.txt = uniformInterface.txt
	EndProjectSection
EndProject
Project("{9A19103F-16F7-4668-BE54-9A1E7A4F7556}") = "MyBGList_ApiVersion", "..\MyBGList_ApiVersion\MyBGList_ApiVersion.csproj", "{34246F5F-668B-4246-B307-9B1B7B028DE4}"
EndProject
Global
	GlobalSection(SolutionConfigurationPlatforms) = preSolution
		Debug|Any CPU = Debug|Any CPU
		Release|Any CPU = Release|Any CPU
	EndGlobalSection
	GlobalSection(ProjectConfigurationPlatforms) = postSolution
		{B767C482-8823-4ED5-8138-896F474694F3}.Debug|Any CPU.ActiveCfg = Debug|Any CPU
		{B767C482-8823-4ED5-8138-896F474694F3}.Debug|Any CPU.Build.0 = Debug|Any CPU
		{B767C482-8823-4ED5-8138-896F474694F3}.Release|Any CPU.ActiveCfg = Release|Any CPU
		{B767C482-8823-4ED5-8138-896F474694F3}.Release|Any CPU.Build.0 = Release|Any CPU
		{34246F5F-668B-4246-B307-9B1B7B028DE4}.Debug|Any CPU.ActiveCfg = Debug|Any CPU
		{34246F5F-668B-4246-B307-9B1B7B028DE4}.Debug|Any CPU.Build.0 = Debug|Any CPU
		{34246F5F-668B-4246-B307-9B1B7B028DE4}.Release|Any CPU.ActiveCfg = Release|Any CPU
		{34246F5F-668B-4246-B307-9B1B7B028DE4}.Release|Any CPU.Build.0 = Release|Any CPU
	EndGlobalSection
	GlobalSection(SolutionProperties) = preSolution
		HideSolutionNode = FALSE
	EndGlobalSection
	GlobalSection(ExtensibilityGlobals) = postSolution
		SolutionGuid = {AB593B03-8533-4F7C-B452-DA1991A3FCEE}
	EndGlobalSection
EndGlobal
